
Microsoft Visual Studio Solution File, Format Version 12.00
# Visual Studio Version 17
VisualStudioVersion = 17.0.31903.59
MinimumVisualStudioVersion = 10.0.40219.1
Project("{2150E333-8FDC-42A3-9474-1A3956D46DE8}") = "c:", "c:\\", "{5B542258-F580-4568-A9F5-906416186AB0}"
EndProject
Project("{2150E333-8FDC-42A3-9474-1A3956D46DE8}") = "Users", "Users", "{A20AC51A-FF55-4564-BADD-6B07108C8E3D}"
EndProject
Project("{2150E333-8FDC-42A3-9474-1A3956D46DE8}") = "HP", "HP", "{B247172D-F360-48DB-8F31-038D71CA2F00}"
EndProject
Project("{2150E333-8FDC-42A3-9474-1A3956D46DE8}") = "Desktop", "Desktop", "{AA5FB00D-36EB-4F03-9707-1F1C04DC6ADE}"
EndProject
Project("{2150E333-8FDC-42A3-9474-1A3956D46DE8}") = "ase-demo-assignment-manojpanta1230", "ase-demo-assignment-manojpanta1230", "{E960430C-F5DC-4E7A-8AFE-0891DCA92A60}"
EndProject
Project("{FAE04EC0-301F-11D3-BF4B-00C04F79EFBC}") = "ASE Assesment", "c:\Users\HP\Desktop\ase-demo-assignment-manojpanta1230\ASE Assesment\ASE Assesment.csproj", "{D4F2F7AE-FCA1-44E8-9AC4-D5A88E457FED}"
EndProject
Project("{2150E333-8FDC-42A3-9474-1A3956D46DE8}") = "c:", "c:\", "{9F659D58-6532-4409-B02B-DF8726EA57E1}"
EndProject
Project("{2150E333-8FDC-42A3-9474-1A3956D46DE8}") = "Users", "Users", "{538F743A-B66A-4FAA-9296-1BC9A1DA1DE2}"
EndProject
Project("{2150E333-8FDC-42A3-9474-1A3956D46DE8}") = "HP", "HP", "{67A6CFBB-5BC5-4A76-B47B-A4C62AEE8585}"
EndProject
Project("{2150E333-8FDC-42A3-9474-1A3956D46DE8}") = "Desktop", "Desktop", "{6C710951-1ED3-4FD6-8E0B-DE2769B42500}"
EndProject
Project("{2150E333-8FDC-42A3-9474-1A3956D46DE8}") = "ase-demo-assignment-manojpanta1230", "ase-demo-assignment-manojpanta1230", "{328DB8BD-D801-45DC-8477-2A0992984F7A}"
EndProject
Project("{FAE04EC0-301F-11D3-BF4B-00C04F79EFBC}") = "Factory Pattern", "c:\Users\HP\Desktop\ase-demo-assignment-manojpanta1230\Factory Pattern\Factory Pattern.csproj", "{4C67889A-62DB-4B62-8883-6E02E5CF14D0}"
EndProject
Global
	GlobalSection(SolutionConfigurationPlatforms) = preSolution
		Debug|Any CPU = Debug|Any CPU
		Release|Any CPU = Release|Any CPU
	EndGlobalSection
	GlobalSection(SolutionProperties) = preSolution
		HideSolutionNode = FALSE
	EndGlobalSection
	GlobalSection(ProjectConfigurationPlatforms) = postSolution
		{D4F2F7AE-FCA1-44E8-9AC4-D5A88E457FED}.Debug|Any CPU.ActiveCfg = Debug|Any CPU
		{D4F2F7AE-FCA1-44E8-9AC4-D5A88E457FED}.Debug|Any CPU.Build.0 = Debug|Any CPU
		{D4F2F7AE-FCA1-44E8-9AC4-D5A88E457FED}.Release|Any CPU.ActiveCfg = Release|Any CPU
		{D4F2F7AE-FCA1-44E8-9AC4-D5A88E457FED}.Release|Any CPU.Build.0 = Release|Any CPU
		{4C67889A-62DB-4B62-8883-6E02E5CF14D0}.Debug|Any CPU.ActiveCfg = Debug|Any CPU
		{4C67889A-62DB-4B62-8883-6E02E5CF14D0}.Debug|Any CPU.Build.0 = Debug|Any CPU
		{4C67889A-62DB-4B62-8883-6E02E5CF14D0}.Release|Any CPU.ActiveCfg = Release|Any CPU
		{4C67889A-62DB-4B62-8883-6E02E5CF14D0}.Release|Any CPU.Build.0 = Release|Any CPU
	EndGlobalSection
	GlobalSection(NestedProjects) = preSolution
		{A20AC51A-FF55-4564-BADD-6B07108C8E3D} = {5B542258-F580-4568-A9F5-906416186AB0}
		{B247172D-F360-48DB-8F31-038D71CA2F00} = {A20AC51A-FF55-4564-BADD-6B07108C8E3D}
		{AA5FB00D-36EB-4F03-9707-1F1C04DC6ADE} = {B247172D-F360-48DB-8F31-038D71CA2F00}
		{E960430C-F5DC-4E7A-8AFE-0891DCA92A60} = {AA5FB00D-36EB-4F03-9707-1F1C04DC6ADE}
		{D4F2F7AE-FCA1-44E8-9AC4-D5A88E457FED} = {E960430C-F5DC-4E7A-8AFE-0891DCA92A60}
		{538F743A-B66A-4FAA-9296-1BC9A1DA1DE2} = {9F659D58-6532-4409-B02B-DF8726EA57E1}
		{67A6CFBB-5BC5-4A76-B47B-A4C62AEE8585} = {538F743A-B66A-4FAA-9296-1BC9A1DA1DE2}
		{6C710951-1ED3-4FD6-8E0B-DE2769B42500} = {67A6CFBB-5BC5-4A76-B47B-A4C62AEE8585}
		{328DB8BD-D801-45DC-8477-2A0992984F7A} = {6C710951-1ED3-4FD6-8E0B-DE2769B42500}
		{4C67889A-62DB-4B62-8883-6E02E5CF14D0} = {328DB8BD-D801-45DC-8477-2A0992984F7A}
	EndGlobalSection
EndGlobal
